// !$*UTF8*$!
{
	archiveVersion = 1;
	classes = {
	};
	objectVersion = 46;
	objects = {

/* Begin PBXBuildFile section */
		370B4AE31B7E1234004F69BD /* WeekViewController.swift in Sources */ = {isa = PBXBuildFile; fileRef = 370B4AE21B7E1234004F69BD /* WeekViewController.swift */; };
		370B4AE51B7E1811004F69BD /* Weekday.swift in Sources */ = {isa = PBXBuildFile; fileRef = 370B4AE41B7E1811004F69BD /* Weekday.swift */; };
		370B4AE71B7E1A8D004F69BD /* DayViewController.swift in Sources */ = {isa = PBXBuildFile; fileRef = 370B4AE61B7E1A8D004F69BD /* DayViewController.swift */; };
		377E8CDA1B7A8D8C004C94D7 /* SettingsViewController.swift in Sources */ = {isa = PBXBuildFile; fileRef = 377E8CD91B7A8D8C004C94D7 /* SettingsViewController.swift */; };
		55130A1F15449AE9DA59886F /* Pods.framework in Frameworks */ = {isa = PBXBuildFile; fileRef = CB4C94F33165B54DDC822D3E /* Pods.framework */; settings = {ATTRIBUTES = (Weak, ); }; };
		E90A9D2E1B7BABB7005B512B /* TimeManager.swift in Sources */ = {isa = PBXBuildFile; fileRef = E90A9D2D1B7BABB7005B512B /* TimeManager.swift */; };
		E90A9D301B7BB4BB005B512B /* WeekProgram.swift in Sources */ = {isa = PBXBuildFile; fileRef = E90A9D2F1B7BB4BB005B512B /* WeekProgram.swift */; };
		E90A9D321B7BB4C7005B512B /* DayProgram.swift in Sources */ = {isa = PBXBuildFile; fileRef = E90A9D311B7BB4C7005B512B /* DayProgram.swift */; };
		E90A9D341B7BD469005B512B /* Thermostat.swift in Sources */ = {isa = PBXBuildFile; fileRef = E90A9D331B7BD469005B512B /* Thermostat.swift */; };
		E90A9D361B7CA634005B512B /* Switch.swift in Sources */ = {isa = PBXBuildFile; fileRef = E90A9D351B7CA634005B512B /* Switch.swift */; };
		E90A9D381B7CB7BE005B512B /* Settings.swift in Sources */ = {isa = PBXBuildFile; fileRef = E90A9D371B7CB7BE005B512B /* Settings.swift */; };
		E98790911B55B3E300B56D1A /* AppDelegate.swift in Sources */ = {isa = PBXBuildFile; fileRef = E98790901B55B3E300B56D1A /* AppDelegate.swift */; };
		E98790931B55B3E300B56D1A /* HomeViewController.swift in Sources */ = {isa = PBXBuildFile; fileRef = E98790921B55B3E300B56D1A /* HomeViewController.swift */; };
		E98790961B55B3E300B56D1A /* Main.storyboard in Resources */ = {isa = PBXBuildFile; fileRef = E98790941B55B3E300B56D1A /* Main.storyboard */; };
		E98790981B55B3E300B56D1A /* Images.xcassets in Resources */ = {isa = PBXBuildFile; fileRef = E98790971B55B3E300B56D1A /* Images.xcassets */; };
		E987909B1B55B3E300B56D1A /* LaunchScreen.xib in Resources */ = {isa = PBXBuildFile; fileRef = E98790991B55B3E300B56D1A /* LaunchScreen.xib */; };
		E98790A71B55B3E300B56D1A /* ThermostatTests.swift in Sources */ = {isa = PBXBuildFile; fileRef = E98790A61B55B3E300B56D1A /* ThermostatTests.swift */; };
		E98CC6251B7E79F7004725F0 /* NewSwitchTableViewController.swift in Sources */ = {isa = PBXBuildFile; fileRef = E98CC6241B7E79F7004725F0 /* NewSwitchTableViewController.swift */; };
		E9E8DB591B80EA37005D840C /* CoreActionSheetPicker.framework in Frameworks */ = {isa = PBXBuildFile; fileRef = E9E8DB541B80E94A005D840C /* CoreActionSheetPicker.framework */; };
		E9E8DB5B1B80EA3A005D840C /* CoreActionSheetPicker.framework in Embed Frameworks */ = {isa = PBXBuildFile; fileRef = E9E8DB541B80E94A005D840C /* CoreActionSheetPicker.framework */; settings = {ATTRIBUTES = (CodeSignOnCopy, RemoveHeadersOnCopy, ); }; };
/* End PBXBuildFile section */

/* Begin PBXContainerItemProxy section */
		E98790A11B55B3E300B56D1A /* PBXContainerItemProxy */ = {
			isa = PBXContainerItemProxy;
			containerPortal = E98790831B55B3E300B56D1A /* Project object */;
			proxyType = 1;
			remoteGlobalIDString = E987908A1B55B3E300B56D1A;
			remoteInfo = Thermostat;
		};
		E9E8DB531B80E94A005D840C /* PBXContainerItemProxy */ = {
			isa = PBXContainerItemProxy;
			containerPortal = E9E8DB4E1B80E94A005D840C /* CoreActionSheetPicker.xcodeproj */;
			proxyType = 2;
			remoteGlobalIDString = 1CCA90431AE0EFB000368F5E;
			remoteInfo = CoreActionSheetPicker;
		};
		E9E8DB551B80E94A005D840C /* PBXContainerItemProxy */ = {
			isa = PBXContainerItemProxy;
			containerPortal = E9E8DB4E1B80E94A005D840C /* CoreActionSheetPicker.xcodeproj */;
			proxyType = 2;
			remoteGlobalIDString = 1CCA904E1AE0EFB000368F5E;
			remoteInfo = CoreActionSheetPickerTests;
		};
		E9E8DB5C1B80EA3A005D840C /* PBXContainerItemProxy */ = {
			isa = PBXContainerItemProxy;
			containerPortal = E9E8DB4E1B80E94A005D840C /* CoreActionSheetPicker.xcodeproj */;
			proxyType = 1;
			remoteGlobalIDString = 1CCA90421AE0EFB000368F5E;
			remoteInfo = CoreActionSheetPicker;
		};
/* End PBXContainerItemProxy section */

/* Begin PBXCopyFilesBuildPhase section */
		E9E8DB5E1B80EA3A005D840C /* Embed Frameworks */ = {
			isa = PBXCopyFilesBuildPhase;
			buildActionMask = 2147483647;
			dstPath = "";
			dstSubfolderSpec = 10;
			files = (
				E9E8DB5B1B80EA3A005D840C /* CoreActionSheetPicker.framework in Embed Frameworks */,
			);
			name = "Embed Frameworks";
			runOnlyForDeploymentPostprocessing = 0;
		};
/* End PBXCopyFilesBuildPhase section */

/* Begin PBXFileReference section */
		370B4AE21B7E1234004F69BD /* WeekViewController.swift */ = {isa = PBXFileReference; fileEncoding = 4; lastKnownFileType = sourcecode.swift; path = WeekViewController.swift; sourceTree = "<group>"; };
		370B4AE41B7E1811004F69BD /* Weekday.swift */ = {isa = PBXFileReference; fileEncoding = 4; lastKnownFileType = sourcecode.swift; path = Weekday.swift; sourceTree = "<group>"; };
		370B4AE61B7E1A8D004F69BD /* DayViewController.swift */ = {isa = PBXFileReference; fileEncoding = 4; lastKnownFileType = sourcecode.swift; path = DayViewController.swift; sourceTree = "<group>"; };
		377E8CD91B7A8D8C004C94D7 /* SettingsViewController.swift */ = {isa = PBXFileReference; fileEncoding = 4; lastKnownFileType = sourcecode.swift; path = SettingsViewController.swift; sourceTree = "<group>"; };
		CB4C94F33165B54DDC822D3E /* Pods.framework */ = {isa = PBXFileReference; explicitFileType = wrapper.framework; includeInIndex = 0; path = Pods.framework; sourceTree = BUILT_PRODUCTS_DIR; };
		CE017274D04EAA5FCAAFDD25 /* Pods.release.xcconfig */ = {isa = PBXFileReference; includeInIndex = 1; lastKnownFileType = text.xcconfig; name = Pods.release.xcconfig; path = "Pods/Target Support Files/Pods/Pods.release.xcconfig"; sourceTree = "<group>"; };
		E247900372BAC8599604AFE4 /* Pods.debug.xcconfig */ = {isa = PBXFileReference; includeInIndex = 1; lastKnownFileType = text.xcconfig; name = Pods.debug.xcconfig; path = "Pods/Target Support Files/Pods/Pods.debug.xcconfig"; sourceTree = "<group>"; };
		E90A9D2D1B7BABB7005B512B /* TimeManager.swift */ = {isa = PBXFileReference; fileEncoding = 4; lastKnownFileType = sourcecode.swift; path = TimeManager.swift; sourceTree = "<group>"; };
		E90A9D2F1B7BB4BB005B512B /* WeekProgram.swift */ = {isa = PBXFileReference; fileEncoding = 4; lastKnownFileType = sourcecode.swift; path = WeekProgram.swift; sourceTree = "<group>"; };
		E90A9D311B7BB4C7005B512B /* DayProgram.swift */ = {isa = PBXFileReference; fileEncoding = 4; lastKnownFileType = sourcecode.swift; path = DayProgram.swift; sourceTree = "<group>"; };
		E90A9D331B7BD469005B512B /* Thermostat.swift */ = {isa = PBXFileReference; fileEncoding = 4; lastKnownFileType = sourcecode.swift; path = Thermostat.swift; sourceTree = "<group>"; };
		E90A9D351B7CA634005B512B /* Switch.swift */ = {isa = PBXFileReference; fileEncoding = 4; lastKnownFileType = sourcecode.swift; path = Switch.swift; sourceTree = "<group>"; };
		E90A9D371B7CB7BE005B512B /* Settings.swift */ = {isa = PBXFileReference; fileEncoding = 4; lastKnownFileType = sourcecode.swift; path = Settings.swift; sourceTree = "<group>"; };
		E987908B1B55B3E300B56D1A /* Thermostat.app */ = {isa = PBXFileReference; explicitFileType = wrapper.application; includeInIndex = 0; path = Thermostat.app; sourceTree = BUILT_PRODUCTS_DIR; };
		E987908F1B55B3E300B56D1A /* Info.plist */ = {isa = PBXFileReference; lastKnownFileType = text.plist.xml; path = Info.plist; sourceTree = "<group>"; };
		E98790901B55B3E300B56D1A /* AppDelegate.swift */ = {isa = PBXFileReference; lastKnownFileType = sourcecode.swift; path = AppDelegate.swift; sourceTree = "<group>"; };
		E98790921B55B3E300B56D1A /* HomeViewController.swift */ = {isa = PBXFileReference; lastKnownFileType = sourcecode.swift; path = HomeViewController.swift; sourceTree = "<group>"; };
		E98790951B55B3E300B56D1A /* Base */ = {isa = PBXFileReference; lastKnownFileType = file.storyboard; name = Base; path = Base.lproj/Main.storyboard; sourceTree = "<group>"; };
		E98790971B55B3E300B56D1A /* Images.xcassets */ = {isa = PBXFileReference; lastKnownFileType = folder.assetcatalog; path = Images.xcassets; sourceTree = "<group>"; };
		E987909A1B55B3E300B56D1A /* Base */ = {isa = PBXFileReference; lastKnownFileType = file.xib; name = Base; path = Base.lproj/LaunchScreen.xib; sourceTree = "<group>"; };
		E98790A01B55B3E300B56D1A /* ThermostatTests.xctest */ = {isa = PBXFileReference; explicitFileType = wrapper.cfbundle; includeInIndex = 0; path = ThermostatTests.xctest; sourceTree = BUILT_PRODUCTS_DIR; };
		E98790A51B55B3E300B56D1A /* Info.plist */ = {isa = PBXFileReference; lastKnownFileType = text.plist.xml; path = Info.plist; sourceTree = "<group>"; };
		E98790A61B55B3E300B56D1A /* ThermostatTests.swift */ = {isa = PBXFileReference; lastKnownFileType = sourcecode.swift; path = ThermostatTests.swift; sourceTree = "<group>"; };
		E98CC6241B7E79F7004725F0 /* NewSwitchTableViewController.swift */ = {isa = PBXFileReference; fileEncoding = 4; lastKnownFileType = sourcecode.swift; path = NewSwitchTableViewController.swift; sourceTree = "<group>"; };
		E9E8DB4E1B80E94A005D840C /* CoreActionSheetPicker.xcodeproj */ = {isa = PBXFileReference; lastKnownFileType = "wrapper.pb-project"; name = CoreActionSheetPicker.xcodeproj; path = CoreActionSheetPicker/CoreActionSheetPicker.xcodeproj; sourceTree = "<group>"; };
/* End PBXFileReference section */

/* Begin PBXFrameworksBuildPhase section */
		E98790881B55B3E300B56D1A /* Frameworks */ = {
			isa = PBXFrameworksBuildPhase;
			buildActionMask = 2147483647;
			files = (
				55130A1F15449AE9DA59886F /* Pods.framework in Frameworks */,
				E9E8DB591B80EA37005D840C /* CoreActionSheetPicker.framework in Frameworks */,
			);
			runOnlyForDeploymentPostprocessing = 0;
		};
		E987909D1B55B3E300B56D1A /* Frameworks */ = {
			isa = PBXFrameworksBuildPhase;
			buildActionMask = 2147483647;
			files = (
			);
			runOnlyForDeploymentPostprocessing = 0;
		};
/* End PBXFrameworksBuildPhase section */

/* Begin PBXGroup section */
		01F45128451D1538EC768557 /* Frameworks */ = {
			isa = PBXGroup;
			children = (
				CB4C94F33165B54DDC822D3E /* Pods.framework */,
			);
			name = Frameworks;
			sourceTree = "<group>";
		};
		D12B79A48749BFB7E6059606 /* Pods */ = {
			isa = PBXGroup;
			children = (
				E247900372BAC8599604AFE4 /* Pods.debug.xcconfig */,
				CE017274D04EAA5FCAAFDD25 /* Pods.release.xcconfig */,
			);
			name = Pods;
			sourceTree = "<group>";
		};
		E98790821B55B3E300B56D1A = {
			isa = PBXGroup;
			children = (
				E9E8DB4E1B80E94A005D840C /* CoreActionSheetPicker.xcodeproj */,
				E987908D1B55B3E300B56D1A /* Thermostat */,
				E98790A31B55B3E300B56D1A /* ThermostatTests */,
				E987908C1B55B3E300B56D1A /* Products */,
				D12B79A48749BFB7E6059606 /* Pods */,
				01F45128451D1538EC768557 /* Frameworks */,
			);
			sourceTree = "<group>";
		};
		E987908C1B55B3E300B56D1A /* Products */ = {
			isa = PBXGroup;
			children = (
				E987908B1B55B3E300B56D1A /* Thermostat.app */,
				E98790A01B55B3E300B56D1A /* ThermostatTests.xctest */,
			);
			name = Products;
			sourceTree = "<group>";
		};
		E987908D1B55B3E300B56D1A /* Thermostat */ = {
			isa = PBXGroup;
			children = (
				E9CD3D601B7A995400545AD5 /* Models */,
				E9CD3D621B7A996600545AD5 /* Controllers */,
				E9CD3D611B7A995D00545AD5 /* Views */,
				E98790941B55B3E300B56D1A /* Main.storyboard */,
				E987908E1B55B3E300B56D1A /* Supporting Files */,
			);
			path = Thermostat;
			sourceTree = "<group>";
		};
		E987908E1B55B3E300B56D1A /* Supporting Files */ = {
			isa = PBXGroup;
			children = (
				E98790901B55B3E300B56D1A /* AppDelegate.swift */,
				E98790971B55B3E300B56D1A /* Images.xcassets */,
				E98790991B55B3E300B56D1A /* LaunchScreen.xib */,
				E987908F1B55B3E300B56D1A /* Info.plist */,
			);
			name = "Supporting Files";
			sourceTree = "<group>";
		};
		E98790A31B55B3E300B56D1A /* ThermostatTests */ = {
			isa = PBXGroup;
			children = (
				E98790A61B55B3E300B56D1A /* ThermostatTests.swift */,
				E98790A41B55B3E300B56D1A /* Supporting Files */,
			);
			path = ThermostatTests;
			sourceTree = "<group>";
		};
		E98790A41B55B3E300B56D1A /* Supporting Files */ = {
			isa = PBXGroup;
			children = (
				E98790A51B55B3E300B56D1A /* Info.plist */,
			);
			name = "Supporting Files";
			sourceTree = "<group>";
		};
		E9CD3D601B7A995400545AD5 /* Models */ = {
			isa = PBXGroup;
			children = (
				E90A9D371B7CB7BE005B512B /* Settings.swift */,
				E90A9D2D1B7BABB7005B512B /* TimeManager.swift */,
				E90A9D331B7BD469005B512B /* Thermostat.swift */,
				E90A9D2F1B7BB4BB005B512B /* WeekProgram.swift */,
				E90A9D311B7BB4C7005B512B /* DayProgram.swift */,
				E90A9D351B7CA634005B512B /* Switch.swift */,
				370B4AE41B7E1811004F69BD /* Weekday.swift */,
			);
			name = Models;
			sourceTree = "<group>";
		};
		E9CD3D611B7A995D00545AD5 /* Views */ = {
			isa = PBXGroup;
			children = (
			);
			name = Views;
			sourceTree = "<group>";
		};
		E9CD3D621B7A996600545AD5 /* Controllers */ = {
			isa = PBXGroup;
			children = (
				E98790921B55B3E300B56D1A /* HomeViewController.swift */,
				377E8CD91B7A8D8C004C94D7 /* SettingsViewController.swift */,
				370B4AE21B7E1234004F69BD /* WeekViewController.swift */,
				370B4AE61B7E1A8D004F69BD /* DayViewController.swift */,
				E98CC6241B7E79F7004725F0 /* NewSwitchTableViewController.swift */,
			);
			name = Controllers;
			sourceTree = "<group>";
		};
		E9E8DB4F1B80E94A005D840C /* Products */ = {
			isa = PBXGroup;
			children = (
				E9E8DB541B80E94A005D840C /* CoreActionSheetPicker.framework */,
				E9E8DB561B80E94A005D840C /* CoreActionSheetPickerTests.xctest */,
			);
			name = Products;
			sourceTree = "<group>";
		};
/* End PBXGroup section */

/* Begin PBXNativeTarget section */
		E987908A1B55B3E300B56D1A /* Thermostat */ = {
			isa = PBXNativeTarget;
			buildConfigurationList = E98790AA1B55B3E300B56D1A /* Build configuration list for PBXNativeTarget "Thermostat" */;
			buildPhases = (
				3D9D5F90026F84364727A063 /* Check Pods Manifest.lock */,
				E98790871B55B3E300B56D1A /* Sources */,
				E98790881B55B3E300B56D1A /* Frameworks */,
				E98790891B55B3E300B56D1A /* Resources */,
				2D6BE878528DCD9798BAEA94 /* Embed Pods Frameworks */,
				CE68A4870C94FBDAEE3F2604 /* Copy Pods Resources */,
				E9E8DB5E1B80EA3A005D840C /* Embed Frameworks */,
			);
			buildRules = (
			);
			dependencies = (
				E9E8DB5D1B80EA3A005D840C /* PBXTargetDependency */,
			);
			name = Thermostat;
			productName = Thermostat;
			productReference = E987908B1B55B3E300B56D1A /* Thermostat.app */;
			productType = "com.apple.product-type.application";
		};
		E987909F1B55B3E300B56D1A /* ThermostatTests */ = {
			isa = PBXNativeTarget;
			buildConfigurationList = E98790AD1B55B3E300B56D1A /* Build configuration list for PBXNativeTarget "ThermostatTests" */;
			buildPhases = (
				E987909C1B55B3E300B56D1A /* Sources */,
				E987909D1B55B3E300B56D1A /* Frameworks */,
				E987909E1B55B3E300B56D1A /* Resources */,
			);
			buildRules = (
			);
			dependencies = (
				E98790A21B55B3E300B56D1A /* PBXTargetDependency */,
			);
			name = ThermostatTests;
			productName = ThermostatTests;
			productReference = E98790A01B55B3E300B56D1A /* ThermostatTests.xctest */;
			productType = "com.apple.product-type.bundle.unit-test";
		};
/* End PBXNativeTarget section */

/* Begin PBXProject section */
		E98790831B55B3E300B56D1A /* Project object */ = {
			isa = PBXProject;
			attributes = {
				LastSwiftUpdateCheck = 0700;
				LastUpgradeCheck = 0640;
				ORGANIZATIONNAME = "Team #19";
				TargetAttributes = {
					E987908A1B55B3E300B56D1A = {
						CreatedOnToolsVersion = 6.4;
						DevelopmentTeam = GG64Z8QPE8;
					};
					E987909F1B55B3E300B56D1A = {
						CreatedOnToolsVersion = 6.4;
						TestTargetID = E987908A1B55B3E300B56D1A;
					};
				};
			};
			buildConfigurationList = E98790861B55B3E300B56D1A /* Build configuration list for PBXProject "Thermostat" */;
			compatibilityVersion = "Xcode 3.2";
			developmentRegion = English;
			hasScannedForEncodings = 0;
			knownRegions = (
				en,
				Base,
			);
			mainGroup = E98790821B55B3E300B56D1A;
			productRefGroup = E987908C1B55B3E300B56D1A /* Products */;
			projectDirPath = "";
			projectReferences = (
				{
					ProductGroup = E9E8DB4F1B80E94A005D840C /* Products */;
					ProjectRef = E9E8DB4E1B80E94A005D840C /* CoreActionSheetPicker.xcodeproj */;
				},
			);
			projectRoot = "";
			targets = (
				E987908A1B55B3E300B56D1A /* Thermostat */,
				E987909F1B55B3E300B56D1A /* ThermostatTests */,
			);
		};
/* End PBXProject section */

/* Begin PBXReferenceProxy section */
		E9E8DB541B80E94A005D840C /* CoreActionSheetPicker.framework */ = {
			isa = PBXReferenceProxy;
			fileType = wrapper.framework;
			path = CoreActionSheetPicker.framework;
			remoteRef = E9E8DB531B80E94A005D840C /* PBXContainerItemProxy */;
			sourceTree = BUILT_PRODUCTS_DIR;
		};
		E9E8DB561B80E94A005D840C /* CoreActionSheetPickerTests.xctest */ = {
			isa = PBXReferenceProxy;
			fileType = wrapper.cfbundle;
			path = CoreActionSheetPickerTests.xctest;
			remoteRef = E9E8DB551B80E94A005D840C /* PBXContainerItemProxy */;
			sourceTree = BUILT_PRODUCTS_DIR;
		};
/* End PBXReferenceProxy section */

/* Begin PBXResourcesBuildPhase section */
		E98790891B55B3E300B56D1A /* Resources */ = {
			isa = PBXResourcesBuildPhase;
			buildActionMask = 2147483647;
			files = (
				E98790961B55B3E300B56D1A /* Main.storyboard in Resources */,
				E987909B1B55B3E300B56D1A /* LaunchScreen.xib in Resources */,
				E98790981B55B3E300B56D1A /* Images.xcassets in Resources */,
			);
			runOnlyForDeploymentPostprocessing = 0;
		};
		E987909E1B55B3E300B56D1A /* Resources */ = {
			isa = PBXResourcesBuildPhase;
			buildActionMask = 2147483647;
			files = (
			);
			runOnlyForDeploymentPostprocessing = 0;
		};
/* End PBXResourcesBuildPhase section */

/* Begin PBXShellScriptBuildPhase section */
		2D6BE878528DCD9798BAEA94 /* Embed Pods Frameworks */ = {
			isa = PBXShellScriptBuildPhase;
			buildActionMask = 2147483647;
			files = (
			);
			inputPaths = (
			);
			name = "Embed Pods Frameworks";
			outputPaths = (
			);
			runOnlyForDeploymentPostprocessing = 0;
			shellPath = /bin/sh;
			shellScript = "\"${SRCROOT}/Pods/Target Support Files/Pods/Pods-frameworks.sh\"\n";
			showEnvVarsInLog = 0;
		};
		3D9D5F90026F84364727A063 /* Check Pods Manifest.lock */ = {
			isa = PBXShellScriptBuildPhase;
			buildActionMask = 2147483647;
			files = (
			);
			inputPaths = (
			);
			name = "Check Pods Manifest.lock";
			outputPaths = (
			);
			runOnlyForDeploymentPostprocessing = 0;
			shellPath = /bin/sh;
			shellScript = "diff \"${PODS_ROOT}/../Podfile.lock\" \"${PODS_ROOT}/Manifest.lock\" > /dev/null\nif [[ $? != 0 ]] ; then\n    cat << EOM\nerror: The sandbox is not in sync with the Podfile.lock. Run 'pod install' or update your CocoaPods installation.\nEOM\n    exit 1\nfi\n";
			showEnvVarsInLog = 0;
		};
		CE68A4870C94FBDAEE3F2604 /* Copy Pods Resources */ = {
			isa = PBXShellScriptBuildPhase;
			buildActionMask = 2147483647;
			files = (
			);
			inputPaths = (
			);
			name = "Copy Pods Resources";
			outputPaths = (
			);
			runOnlyForDeploymentPostprocessing = 0;
			shellPath = /bin/sh;
			shellScript = "\"${SRCROOT}/Pods/Target Support Files/Pods/Pods-resources.sh\"\n";
			showEnvVarsInLog = 0;
		};
/* End PBXShellScriptBuildPhase section */

/* Begin PBXSourcesBuildPhase section */
		E98790871B55B3E300B56D1A /* Sources */ = {
			isa = PBXSourcesBuildPhase;
			buildActionMask = 2147483647;
			files = (
				370B4AE51B7E1811004F69BD /* Weekday.swift in Sources */,
				370B4AE31B7E1234004F69BD /* WeekViewController.swift in Sources */,
				E98790931B55B3E300B56D1A /* HomeViewController.swift in Sources */,
				E90A9D361B7CA634005B512B /* Switch.swift in Sources */,
				E90A9D321B7BB4C7005B512B /* DayProgram.swift in Sources */,
				E98790911B55B3E300B56D1A /* AppDelegate.swift in Sources */,
				E90A9D341B7BD469005B512B /* Thermostat.swift in Sources */,
				E90A9D2E1B7BABB7005B512B /* TimeManager.swift in Sources */,
				E90A9D381B7CB7BE005B512B /* Settings.swift in Sources */,
				E90A9D301B7BB4BB005B512B /* WeekProgram.swift in Sources */,
				377E8CDA1B7A8D8C004C94D7 /* SettingsViewController.swift in Sources */,
				370B4AE71B7E1A8D004F69BD /* DayViewController.swift in Sources */,
				E98CC6251B7E79F7004725F0 /* NewSwitchTableViewController.swift in Sources */,
			);
			runOnlyForDeploymentPostprocessing = 0;
		};
		E987909C1B55B3E300B56D1A /* Sources */ = {
			isa = PBXSourcesBuildPhase;
			buildActionMask = 2147483647;
			files = (
				E98790A71B55B3E300B56D1A /* ThermostatTests.swift in Sources */,
			);
			runOnlyForDeploymentPostprocessing = 0;
		};
/* End PBXSourcesBuildPhase section */

/* Begin PBXTargetDependency section */
		E98790A21B55B3E300B56D1A /* PBXTargetDependency */ = {
			isa = PBXTargetDependency;
			target = E987908A1B55B3E300B56D1A /* Thermostat */;
			targetProxy = E98790A11B55B3E300B56D1A /* PBXContainerItemProxy */;
		};
		E9E8DB5D1B80EA3A005D840C /* PBXTargetDependency */ = {
			isa = PBXTargetDependency;
			name = CoreActionSheetPicker;
			targetProxy = E9E8DB5C1B80EA3A005D840C /* PBXContainerItemProxy */;
		};
/* End PBXTargetDependency section */

/* Begin PBXVariantGroup section */
		E98790941B55B3E300B56D1A /* Main.storyboard */ = {
			isa = PBXVariantGroup;
			children = (
				E98790951B55B3E300B56D1A /* Base */,
			);
			name = Main.storyboard;
			sourceTree = "<group>";
		};
		E98790991B55B3E300B56D1A /* LaunchScreen.xib */ = {
			isa = PBXVariantGroup;
			children = (
				E987909A1B55B3E300B56D1A /* Base */,
			);
			name = LaunchScreen.xib;
			sourceTree = "<group>";
		};
/* End PBXVariantGroup section */

/* Begin XCBuildConfiguration section */
		E98790A81B55B3E300B56D1A /* Debug */ = {
			isa = XCBuildConfiguration;
			buildSettings = {
				ALWAYS_SEARCH_USER_PATHS = NO;
				CLANG_CXX_LANGUAGE_STANDARD = "gnu++0x";
				CLANG_CXX_LIBRARY = "libc++";
				CLANG_ENABLE_MODULES = YES;
				CLANG_ENABLE_OBJC_ARC = YES;
				CLANG_WARN_BOOL_CONVERSION = YES;
				CLANG_WARN_CONSTANT_CONVERSION = YES;
				CLANG_WARN_DIRECT_OBJC_ISA_USAGE = YES_ERROR;
				CLANG_WARN_EMPTY_BODY = YES;
				CLANG_WARN_ENUM_CONVERSION = YES;
				CLANG_WARN_INT_CONVERSION = YES;
				CLANG_WARN_OBJC_ROOT_CLASS = YES_ERROR;
				CLANG_WARN_UNREACHABLE_CODE = YES;
				CLANG_WARN__DUPLICATE_METHOD_MATCH = YES;
				"CODE_SIGN_IDENTITY[sdk=iphoneos*]" = "iPhone Developer";
				COPY_PHASE_STRIP = NO;
				DEBUG_INFORMATION_FORMAT = "dwarf-with-dsym";
				ENABLE_STRICT_OBJC_MSGSEND = YES;
				GCC_C_LANGUAGE_STANDARD = gnu99;
				GCC_DYNAMIC_NO_PIC = NO;
				GCC_NO_COMMON_BLOCKS = YES;
				GCC_OPTIMIZATION_LEVEL = 0;
				GCC_PREPROCESSOR_DEFINITIONS = (
					"DEBUG=1",
					"$(inherited)",
				);
				GCC_SYMBOLS_PRIVATE_EXTERN = NO;
				GCC_WARN_64_TO_32_BIT_CONVERSION = YES;
				GCC_WARN_ABOUT_RETURN_TYPE = YES_ERROR;
				GCC_WARN_UNDECLARED_SELECTOR = YES;
				GCC_WARN_UNINITIALIZED_AUTOS = YES_AGGRESSIVE;
				GCC_WARN_UNUSED_FUNCTION = YES;
				GCC_WARN_UNUSED_VARIABLE = YES;
				IPHONEOS_DEPLOYMENT_TARGET = 8.4;
				MTL_ENABLE_DEBUG_INFO = YES;
				ONLY_ACTIVE_ARCH = YES;
				SDKROOT = iphoneos;
				SWIFT_OPTIMIZATION_LEVEL = "-Onone";
			};
			name = Debug;
		};
		E98790A91B55B3E300B56D1A /* Release */ = {
			isa = XCBuildConfiguration;
			buildSettings = {
				ALWAYS_SEARCH_USER_PATHS = NO;
				CLANG_CXX_LANGUAGE_STANDARD = "gnu++0x";
				CLANG_CXX_LIBRARY = "libc++";
				CLANG_ENABLE_MODULES = YES;
				CLANG_ENABLE_OBJC_ARC = YES;
				CLANG_WARN_BOOL_CONVERSION = YES;
				CLANG_WARN_CONSTANT_CONVERSION = YES;
				CLANG_WARN_DIRECT_OBJC_ISA_USAGE = YES_ERROR;
				CLANG_WARN_EMPTY_BODY = YES;
				CLANG_WARN_ENUM_CONVERSION = YES;
				CLANG_WARN_INT_CONVERSION = YES;
				CLANG_WARN_OBJC_ROOT_CLASS = YES_ERROR;
				CLANG_WARN_UNREACHABLE_CODE = YES;
				CLANG_WARN__DUPLICATE_METHOD_MATCH = YES;
				"CODE_SIGN_IDENTITY[sdk=iphoneos*]" = "iPhone Developer";
				COPY_PHASE_STRIP = NO;
				DEBUG_INFORMATION_FORMAT = "dwarf-with-dsym";
				ENABLE_NS_ASSERTIONS = NO;
				ENABLE_STRICT_OBJC_MSGSEND = YES;
				GCC_C_LANGUAGE_STANDARD = gnu99;
				GCC_NO_COMMON_BLOCKS = YES;
				GCC_WARN_64_TO_32_BIT_CONVERSION = YES;
				GCC_WARN_ABOUT_RETURN_TYPE = YES_ERROR;
				GCC_WARN_UNDECLARED_SELECTOR = YES;
				GCC_WARN_UNINITIALIZED_AUTOS = YES_AGGRESSIVE;
				GCC_WARN_UNUSED_FUNCTION = YES;
				GCC_WARN_UNUSED_VARIABLE = YES;
				IPHONEOS_DEPLOYMENT_TARGET = 8.4;
				MTL_ENABLE_DEBUG_INFO = NO;
				SDKROOT = iphoneos;
				VALIDATE_PRODUCT = YES;
			};
			name = Release;
		};
		E98790AB1B55B3E300B56D1A /* Debug */ = {
			isa = XCBuildConfiguration;
			baseConfigurationReference = E247900372BAC8599604AFE4 /* Pods.debug.xcconfig */;
			buildSettings = {
				ASSETCATALOG_COMPILER_APPICON_NAME = AppIcon;
				CODE_SIGN_IDENTITY = "iPhone Developer";
				"CODE_SIGN_IDENTITY[sdk=iphoneos*]" = "iPhone Developer";
				INFOPLIST_FILE = Thermostat/Info.plist;
				IPHONEOS_DEPLOYMENT_TARGET = 8.0;
				LD_RUNPATH_SEARCH_PATHS = "$(inherited) @executable_path/Frameworks";
				PRODUCT_NAME = "$(TARGET_NAME)";
				PROVISIONING_PROFILE = "";
			};
			name = Debug;
		};
		E98790AC1B55B3E300B56D1A /* Release */ = {
			isa = XCBuildConfiguration;
			baseConfigurationReference = CE017274D04EAA5FCAAFDD25 /* Pods.release.xcconfig */;
			buildSettings = {
				ASSETCATALOG_COMPILER_APPICON_NAME = AppIcon;
				CODE_SIGN_IDENTITY = "iPhone Developer";
				"CODE_SIGN_IDENTITY[sdk=iphoneos*]" = "iPhone Developer";
				INFOPLIST_FILE = Thermostat/Info.plist;
				IPHONEOS_DEPLOYMENT_TARGET = 8.0;
				LD_RUNPATH_SEARCH_PATHS = "$(inherited) @executable_path/Frameworks";
				PRODUCT_NAME = "$(TARGET_NAME)";
				PROVISIONING_PROFILE = "";
			};
			name = Release;
		};
		E98790AE1B55B3E300B56D1A /* Debug */ = {
			isa = XCBuildConfiguration;
			buildSettings = {
				BUNDLE_LOADER = "$(TEST_HOST)";
				FRAMEWORK_SEARCH_PATHS = (
					"$(SDKROOT)/Developer/Library/Frameworks",
					"$(inherited)",
				);
				GCC_PREPROCESSOR_DEFINITIONS = (
					"DEBUG=1",
					"$(inherited)",
				);
				INFOPLIST_FILE = ThermostatTests/Info.plist;
				LD_RUNPATH_SEARCH_PATHS = "$(inherited) @executable_path/Frameworks @loader_path/Frameworks";
				PRODUCT_NAME = "$(TARGET_NAME)";
				TEST_HOST = "$(BUILT_PRODUCTS_DIR)/Thermostat.app/Thermostat";
			};
			name = Debug;
		};
		E98790AF1B55B3E300B56D1A /* Release */ = {
			isa = XCBuildConfiguration;
			buildSettings = {
				BUNDLE_LOADER = "$(TEST_HOST)";
				FRAMEWORK_SEARCH_PATHS = (
					"$(SDKROOT)/Developer/Library/Frameworks",
					"$(inherited)",
				);
				INFOPLIST_FILE = ThermostatTests/Info.plist;
				LD_RUNPATH_SEARCH_PATHS = "$(inherited) @executable_path/Frameworks @loader_path/Frameworks";
				PRODUCT_NAME = "$(TARGET_NAME)";
				TEST_HOST = "$(BUILT_PRODUCTS_DIR)/Thermostat.app/Thermostat";
			};
			name = Release;
		};
/* End XCBuildConfiguration section */

/* Begin XCConfigurationList section */
		E98790861B55B3E300B56D1A /* Build configuration list for PBXProject "Thermostat" */ = {
			isa = XCConfigurationList;
			buildConfigurations = (
				E98790A81B55B3E300B56D1A /* Debug */,
				E98790A91B55B3E300B56D1A /* Release */,
			);
			defaultConfigurationIsVisible = 0;
			defaultConfigurationName = Release;
		};
		E98790AA1B55B3E300B56D1A /* Build configuration list for PBXNativeTarget "Thermostat" */ = {
			isa = XCConfigurationList;
			buildConfigurations = (
				E98790AB1B55B3E300B56D1A /* Debug */,
				E98790AC1B55B3E300B56D1A /* Release */,
			);
			defaultConfigurationIsVisible = 0;
			defaultConfigurationName = Release;
		};
		E98790AD1B55B3E300B56D1A /* Build configuration list for PBXNativeTarget "ThermostatTests" */ = {
			isa = XCConfigurationList;
			buildConfigurations = (
				E98790AE1B55B3E300B56D1A /* Debug */,
				E98790AF1B55B3E300B56D1A /* Release */,
			);
			defaultConfigurationIsVisible = 0;
			defaultConfigurationName = Release;
		};
/* End XCConfigurationList section */
	};
	rootObject = E98790831B55B3E300B56D1A /* Project object */;
}
